// !$*UTF8*$!
{
	archiveVersion = 1;
	classes = {
	};
	objectVersion = 56;
	objects = {

/* Begin PBXBuildFile section */
		BB7E3629299DF37B00DD00E3 /* Board.cpp in Sources */ = {isa = PBXBuildFile; fileRef = BB7E3627299DF37B00DD00E3 /* Board.cpp */; };
		BB7E362C299E052B00DD00E3 /* Player.cpp in Sources */ = {isa = PBXBuildFile; fileRef = BB7E362A299E052B00DD00E3 /* Player.cpp */; };
		BB7E362F299E12E500DD00E3 /* GameUtil.cpp in Sources */ = {isa = PBXBuildFile; fileRef = BB7E362D299E12E500DD00E3 /* GameUtil.cpp */; };
		BB7E363E29A0BDC500DD00E3 /* Tile.cpp in Sources */ = {isa = PBXBuildFile; fileRef = BB7E363C29A0BDC500DD00E3 /* Tile.cpp */; };
		BB84DADA299CC5920076D269 /* main.cpp in Sources */ = {isa = PBXBuildFile; fileRef = BB84DAD9299CC5920076D269 /* main.cpp */; };
		BB981E6129A14F4400B1A6BF /* Ship.cpp in Sources */ = {isa = PBXBuildFile; fileRef = BB981E5F29A14F4400B1A6BF /* Ship.cpp */; };
		BB981E6429A1527F00B1A6BF /* Horizontal3Ship.cpp in Sources */ = {isa = PBXBuildFile; fileRef = BB981E6229A1527F00B1A6BF /* Horizontal3Ship.cpp */; };
/* End PBXBuildFile section */

/* Begin PBXCopyFilesBuildPhase section */
		BB84DAD4299CC5920076D269 /* CopyFiles */ = {
			isa = PBXCopyFilesBuildPhase;
			buildActionMask = 2147483647;
			dstPath = /usr/share/man/man1/;
			dstSubfolderSpec = 0;
			files = (
			);
			runOnlyForDeploymentPostprocessing = 1;
		};
/* End PBXCopyFilesBuildPhase section */

/* Begin PBXFileReference section */
		BB7E3627299DF37B00DD00E3 /* Board.cpp */ = {isa = PBXFileReference; lastKnownFileType = sourcecode.cpp.cpp; path = Board.cpp; sourceTree = "<group>"; };
		BB7E3628299DF37B00DD00E3 /* Board.hpp */ = {isa = PBXFileReference; lastKnownFileType = sourcecode.cpp.h; path = Board.hpp; sourceTree = "<group>"; };
		BB7E362A299E052B00DD00E3 /* Player.cpp */ = {isa = PBXFileReference; lastKnownFileType = sourcecode.cpp.cpp; path = Player.cpp; sourceTree = "<group>"; };
		BB7E362B299E052B00DD00E3 /* Player.hpp */ = {isa = PBXFileReference; lastKnownFileType = sourcecode.cpp.h; path = Player.hpp; sourceTree = "<group>"; };
		BB7E362D299E12E500DD00E3 /* GameUtil.cpp */ = {isa = PBXFileReference; lastKnownFileType = sourcecode.cpp.cpp; path = GameUtil.cpp; sourceTree = "<group>"; };
		BB7E362E299E12E500DD00E3 /* GameUtil.hpp */ = {isa = PBXFileReference; lastKnownFileType = sourcecode.cpp.h; path = GameUtil.hpp; sourceTree = "<group>"; };
		BB7E363C29A0BDC500DD00E3 /* Tile.cpp */ = {isa = PBXFileReference; lastKnownFileType = sourcecode.cpp.cpp; path = Tile.cpp; sourceTree = "<group>"; };
		BB7E363D29A0BDC500DD00E3 /* Tile.hpp */ = {isa = PBXFileReference; lastKnownFileType = sourcecode.cpp.h; path = Tile.hpp; sourceTree = "<group>"; };
		BB84DAD6299CC5920076D269 /* cpp-battleship */ = {isa = PBXFileReference; explicitFileType = "compiled.mach-o.executable"; includeInIndex = 0; path = "cpp-battleship"; sourceTree = BUILT_PRODUCTS_DIR; };
		BB84DAD9299CC5920076D269 /* main.cpp */ = {isa = PBXFileReference; lastKnownFileType = sourcecode.cpp.cpp; path = main.cpp; sourceTree = "<group>"; };
		BB981E5F29A14F4400B1A6BF /* Ship.cpp */ = {isa = PBXFileReference; lastKnownFileType = sourcecode.cpp.cpp; path = Ship.cpp; sourceTree = "<group>"; };
		BB981E6029A14F4400B1A6BF /* Ship.hpp */ = {isa = PBXFileReference; lastKnownFileType = sourcecode.cpp.h; path = Ship.hpp; sourceTree = "<group>"; };
		BB981E6229A1527F00B1A6BF /* Horizontal3Ship.cpp */ = {isa = PBXFileReference; lastKnownFileType = sourcecode.cpp.cpp; path = Horizontal3Ship.cpp; sourceTree = "<group>"; };
		BB981E6329A1527F00B1A6BF /* Horizontal3Ship.hpp */ = {isa = PBXFileReference; lastKnownFileType = sourcecode.cpp.h; path = Horizontal3Ship.hpp; sourceTree = "<group>"; };
/* End PBXFileReference section */

/* Begin PBXFrameworksBuildPhase section */
		BB84DAD3299CC5920076D269 /* Frameworks */ = {
			isa = PBXFrameworksBuildPhase;
			buildActionMask = 2147483647;
			files = (
			);
			runOnlyForDeploymentPostprocessing = 0;
		};
/* End PBXFrameworksBuildPhase section */

/* Begin PBXGroup section */
		BB84DACD299CC5920076D269 = {
			isa = PBXGroup;
			children = (
				BB84DAD8299CC5920076D269 /* cpp-battleship */,
				BB84DAD7299CC5920076D269 /* Products */,
			);
			sourceTree = "<group>";
		};
		BB84DAD7299CC5920076D269 /* Products */ = {
			isa = PBXGroup;
			children = (
				BB84DAD6299CC5920076D269 /* cpp-battleship */,
			);
			name = Products;
			sourceTree = "<group>";
		};
		BB84DAD8299CC5920076D269 /* cpp-battleship */ = {
			isa = PBXGroup;
			children = (
				BB84DAD9299CC5920076D269 /* main.cpp */,
				BB7E362A299E052B00DD00E3 /* Player.cpp */,
				BB7E362B299E052B00DD00E3 /* Player.hpp */,
				BB7E3627299DF37B00DD00E3 /* Board.cpp */,
				BB7E3628299DF37B00DD00E3 /* Board.hpp */,
				BB7E362D299E12E500DD00E3 /* GameUtil.cpp */,
				BB7E362E299E12E500DD00E3 /* GameUtil.hpp */,
				BB7E363C29A0BDC500DD00E3 /* Tile.cpp */,
				BB7E363D29A0BDC500DD00E3 /* Tile.hpp */,
				BB981E5F29A14F4400B1A6BF /* Ship.cpp */,
				BB981E6029A14F4400B1A6BF /* Ship.hpp */,
				BB981E6229A1527F00B1A6BF /* Horizontal3Ship.cpp */,
				BB981E6329A1527F00B1A6BF /* Horizontal3Ship.hpp */,
			);
			path = "cpp-battleship";
			sourceTree = "<group>";
		};
/* End PBXGroup section */

/* Begin PBXNativeTarget section */
		BB84DAD5299CC5920076D269 /* cpp-battleship */ = {
			isa = PBXNativeTarget;
			buildConfigurationList = BB84DADD299CC5920076D269 /* Build configuration list for PBXNativeTarget "cpp-battleship" */;
			buildPhases = (
				BB84DAD2299CC5920076D269 /* Sources */,
				BB84DAD3299CC5920076D269 /* Frameworks */,
				BB84DAD4299CC5920076D269 /* CopyFiles */,
			);
			buildRules = (
			);
			dependencies = (
			);
			name = "cpp-battleship";
			productName = "cpp-battleship";
			productReference = BB84DAD6299CC5920076D269 /* cpp-battleship */;
			productType = "com.apple.product-type.tool";
		};
/* End PBXNativeTarget section */

/* Begin PBXProject section */
		BB84DACE299CC5920076D269 /* Project object */ = {
			isa = PBXProject;
			attributes = {
				BuildIndependentTargetsInParallel = 1;
				LastUpgradeCheck = 1420;
				TargetAttributes = {
					BB84DAD5299CC5920076D269 = {
						CreatedOnToolsVersion = 14.2;
					};
				};
			};
			buildConfigurationList = BB84DAD1299CC5920076D269 /* Build configuration list for PBXProject "cpp-battleship" */;
			compatibilityVersion = "Xcode 14.0";
			developmentRegion = en;
			hasScannedForEncodings = 0;
			knownRegions = (
				en,
				Base,
			);
			mainGroup = BB84DACD299CC5920076D269;
			productRefGroup = BB84DAD7299CC5920076D269 /* Products */;
			projectDirPath = "";
			projectRoot = "";
			targets = (
				BB84DAD5299CC5920076D269 /* cpp-battleship */,
			);
		};
/* End PBXProject section */

/* Begin PBXSourcesBuildPhase section */
		BB84DAD2299CC5920076D269 /* Sources */ = {
			isa = PBXSourcesBuildPhase;
			buildActionMask = 2147483647;
			files = (
				BB7E3629299DF37B00DD00E3 /* Board.cpp in Sources */,
				BB981E6429A1527F00B1A6BF /* Horizontal3Ship.cpp in Sources */,
				BB7E362F299E12E500DD00E3 /* GameUtil.cpp in Sources */,
				BB84DADA299CC5920076D269 /* main.cpp in Sources */,
				BB981E6129A14F4400B1A6BF /* Ship.cpp in Sources */,
				BB7E362C299E052B00DD00E3 /* Player.cpp in Sources */,
				BB7E363E29A0BDC500DD00E3 /* Tile.cpp in Sources */,
			);
			runOnlyForDeploymentPostprocessing = 0;
		};
/* End PBXSourcesBuildPhase section */

/* Begin XCBuildConfiguration section */
		BB84DADB299CC5920076D269 /* Debug */ = {
			isa = XCBuildConfiguration;
			buildSettings = {
				ALWAYS_SEARCH_USER_PATHS = NO;
				CLANG_ANALYZER_NONNULL = YES;
				CLANG_ANALYZER_NUMBER_OBJECT_CONVERSION = YES_AGGRESSIVE;
				CLANG_CXX_LANGUAGE_STANDARD = "gnu++20";
				CLANG_ENABLE_MODULES = YES;
				CLANG_ENABLE_OBJC_ARC = YES;
				CLANG_ENABLE_OBJC_WEAK = YES;
				CLANG_WARN_BLOCK_CAPTURE_AUTORELEASING = YES;
				CLANG_WARN_BOOL_CONVERSION = YES;
				CLANG_WARN_COMMA = YES;
				CLANG_WARN_CONSTANT_CONVERSION = YES;
				CLANG_WARN_DEPRECATED_OBJC_IMPLEMENTATIONS = YES;
				CLANG_WARN_DIRECT_OBJC_ISA_USAGE = YES_ERROR;
				CLANG_WARN_DOCUMENTATION_COMMENTS = YES;
				CLANG_WARN_EMPTY_BODY = YES;
				CLANG_WARN_ENUM_CONVERSION = YES;
				CLANG_WARN_INFINITE_RECURSION = YES;
				CLANG_WARN_INT_CONVERSION = YES;
				CLANG_WARN_NON_LITERAL_NULL_CONVERSION = YES;
				CLANG_WARN_OBJC_IMPLICIT_RETAIN_SELF = YES;
				CLANG_WARN_OBJC_LITERAL_CONVERSION = YES;
				CLANG_WARN_OBJC_ROOT_CLASS = YES_ERROR;
				CLANG_WARN_QUOTED_INCLUDE_IN_FRAMEWORK_HEADER = YES;
				CLANG_WARN_RANGE_LOOP_ANALYSIS = YES;
				CLANG_WARN_STRICT_PROTOTYPES = YES;
				CLANG_WARN_SUSPICIOUS_MOVE = YES;
				CLANG_WARN_UNGUARDED_AVAILABILITY = YES_AGGRESSIVE;
				CLANG_WARN_UNREACHABLE_CODE = YES;
				CLANG_WARN__DUPLICATE_METHOD_MATCH = YES;
				COPY_PHASE_STRIP = NO;
				DEBUG_INFORMATION_FORMAT = dwarf;
				ENABLE_STRICT_OBJC_MSGSEND = YES;
				ENABLE_TESTABILITY = YES;
				GCC_C_LANGUAGE_STANDARD = gnu11;
				GCC_DYNAMIC_NO_PIC = NO;
				GCC_NO_COMMON_BLOCKS = YES;
				GCC_OPTIMIZATION_LEVEL = 0;
				GCC_PREPROCESSOR_DEFINITIONS = (
					"DEBUG=1",
					"$(inherited)",
				);
				GCC_WARN_64_TO_32_BIT_CONVERSION = YES;
				GCC_WARN_ABOUT_RETURN_TYPE = YES_ERROR;
				GCC_WARN_UNDECLARED_SELECTOR = YES;
				GCC_WARN_UNINITIALIZED_AUTOS = YES_AGGRESSIVE;
				GCC_WARN_UNUSED_FUNCTION = YES;
				GCC_WARN_UNUSED_VARIABLE = YES;
				MACOSX_DEPLOYMENT_TARGET = 13.1;
				MTL_ENABLE_DEBUG_INFO = INCLUDE_SOURCE;
				MTL_FAST_MATH = YES;
				ONLY_ACTIVE_ARCH = YES;
				SDKROOT = macosx;
			};
			name = Debug;
		};
		BB84DADC299CC5920076D269 /* Release */ = {
			isa = XCBuildConfiguration;
			buildSettings = {
				ALWAYS_SEARCH_USER_PATHS = NO;
				CLANG_ANALYZER_NONNULL = YES;
				CLANG_ANALYZER_NUMBER_OBJECT_CONVERSION = YES_AGGRESSIVE;
				CLANG_CXX_LANGUAGE_STANDARD = "gnu++20";
				CLANG_ENABLE_MODULES = YES;
				CLANG_ENABLE_OBJC_ARC = YES;
				CLANG_ENABLE_OBJC_WEAK = YES;
				CLANG_WARN_BLOCK_CAPTURE_AUTORELEASING = YES;
				CLANG_WARN_BOOL_CONVERSION = YES;
				CLANG_WARN_COMMA = YES;
				CLANG_WARN_CONSTANT_CONVERSION = YES;
				CLANG_WARN_DEPRECATED_OBJC_IMPLEMENTATIONS = YES;
				CLANG_WARN_DIRECT_OBJC_ISA_USAGE = YES_ERROR;
				CLANG_WARN_DOCUMENTATION_COMMENTS = YES;
				CLANG_WARN_EMPTY_BODY = YES;
				CLANG_WARN_ENUM_CONVERSION = YES;
				CLANG_WARN_INFINITE_RECURSION = YES;
				CLANG_WARN_INT_CONVERSION = YES;
				CLANG_WARN_NON_LITERAL_NULL_CONVERSION = YES;
				CLANG_WARN_OBJC_IMPLICIT_RETAIN_SELF = YES;
				CLANG_WARN_OBJC_LITERAL_CONVERSION = YES;
				CLANG_WARN_OBJC_ROOT_CLASS = YES_ERROR;
				CLANG_WARN_QUOTED_INCLUDE_IN_FRAMEWORK_HEADER = YES;
				CLANG_WARN_RANGE_LOOP_ANALYSIS = YES;
				CLANG_WARN_STRICT_PROTOTYPES = YES;
				CLANG_WARN_SUSPICIOUS_MOVE = YES;
				CLANG_WARN_UNGUARDED_AVAILABILITY = YES_AGGRESSIVE;
				CLANG_WARN_UNREACHABLE_CODE = YES;
				CLANG_WARN__DUPLICATE_METHOD_MATCH = YES;
				COPY_PHASE_STRIP = NO;
				DEBUG_INFORMATION_FORMAT = "dwarf-with-dsym";
				ENABLE_NS_ASSERTIONS = NO;
				ENABLE_STRICT_OBJC_MSGSEND = YES;
				GCC_C_LANGUAGE_STANDARD = gnu11;
				GCC_NO_COMMON_BLOCKS = YES;
				GCC_WARN_64_TO_32_BIT_CONVERSION = YES;
				GCC_WARN_ABOUT_RETURN_TYPE = YES_ERROR;
				GCC_WARN_UNDECLARED_SELECTOR = YES;
				GCC_WARN_UNINITIALIZED_AUTOS = YES_AGGRESSIVE;
				GCC_WARN_UNUSED_FUNCTION = YES;
				GCC_WARN_UNUSED_VARIABLE = YES;
				MACOSX_DEPLOYMENT_TARGET = 13.1;
				MTL_ENABLE_DEBUG_INFO = NO;
				MTL_FAST_MATH = YES;
				SDKROOT = macosx;
			};
			name = Release;
		};
		BB84DADE299CC5920076D269 /* Debug */ = {
			isa = XCBuildConfiguration;
			buildSettings = {
				CODE_SIGN_STYLE = Automatic;
				PRODUCT_NAME = "$(TARGET_NAME)";
			};
			name = Debug;
		};
		BB84DADF299CC5920076D269 /* Release */ = {
			isa = XCBuildConfiguration;
			buildSettings = {
				CODE_SIGN_STYLE = Automatic;
				PRODUCT_NAME = "$(TARGET_NAME)";
			};
			name = Release;
		};
/* End XCBuildConfiguration section */

/* Begin XCConfigurationList section */
		BB84DAD1299CC5920076D269 /* Build configuration list for PBXProject "cpp-battleship" */ = {
			isa = XCConfigurationList;
			buildConfigurations = (
				BB84DADB299CC5920076D269 /* Debug */,
				BB84DADC299CC5920076D269 /* Release */,
			);
			defaultConfigurationIsVisible = 0;
			defaultConfigurationName = Release;
		};
		BB84DADD299CC5920076D269 /* Build configuration list for PBXNativeTarget "cpp-battleship" */ = {
			isa = XCConfigurationList;
			buildConfigurations = (
				BB84DADE299CC5920076D269 /* Debug */,
				BB84DADF299CC5920076D269 /* Release */,
			);
			defaultConfigurationIsVisible = 0;
			defaultConfigurationName = Release;
		};
/* End XCConfigurationList section */
	};
	rootObject = BB84DACE299CC5920076D269 /* Project object */;
}
